// !$*UTF8*$!
{
	archiveVersion = 1;
	classes = {
	};
	objectVersion = 55;
	objects = {

/* Begin PBXBuildFile section */
		37C8FD352937607F00648DB0 /* SwiftUIPortfolioApp.swift in Sources */ = {isa = PBXBuildFile; fileRef = 37C8FD342937607F00648DB0 /* SwiftUIPortfolioApp.swift */; };
		37C8FD372937607F00648DB0 /* ContentView.swift in Sources */ = {isa = PBXBuildFile; fileRef = 37C8FD362937607F00648DB0 /* ContentView.swift */; };
		37C8FD392937608000648DB0 /* Assets.xcassets in Resources */ = {isa = PBXBuildFile; fileRef = 37C8FD382937608000648DB0 /* Assets.xcassets */; };
		37C8FD3C2937608000648DB0 /* Preview Assets.xcassets in Resources */ = {isa = PBXBuildFile; fileRef = 37C8FD3B2937608000648DB0 /* Preview Assets.xcassets */; };
		37C8FD442937615100648DB0 /* Main.xcdatamodeld in Sources */ = {isa = PBXBuildFile; fileRef = 37C8FD422937615100648DB0 /* Main.xcdatamodeld */; };
		37C8FD462937649100648DB0 /* DataController.swift in Sources */ = {isa = PBXBuildFile; fileRef = 37C8FD452937649100648DB0 /* DataController.swift */; };
		37C8FD4829376AD400648DB0 /* HomeView.swift in Sources */ = {isa = PBXBuildFile; fileRef = 37C8FD4729376AD400648DB0 /* HomeView.swift */; };
		37C8FD4A29376AF000648DB0 /* ProjectsView.swift in Sources */ = {isa = PBXBuildFile; fileRef = 37C8FD4929376AF000648DB0 /* ProjectsView.swift */; };
		37C8FD4C2938B48300648DB0 /* Project-CoreDataHelper.swift in Sources */ = {isa = PBXBuildFile; fileRef = 37C8FD4B2938B48300648DB0 /* Project-CoreDataHelper.swift */; };
		37C8FD4E2938B5D400648DB0 /* Item-CoreDataHelper.swift in Sources */ = {isa = PBXBuildFile; fileRef = 37C8FD4D2938B5D400648DB0 /* Item-CoreDataHelper.swift */; };
		37C8FD502938B76700648DB0 /* ItemRowView.swift in Sources */ = {isa = PBXBuildFile; fileRef = 37C8FD4F2938B76700648DB0 /* ItemRowView.swift */; };
		37C8FD522938B8B100648DB0 /* EditItemView.swift in Sources */ = {isa = PBXBuildFile; fileRef = 37C8FD512938B8B100648DB0 /* EditItemView.swift */; };
		37C8FD542938BF1200648DB0 /* Binding-OnCreate.swift in Sources */ = {isa = PBXBuildFile; fileRef = 37C8FD532938BF1200648DB0 /* Binding-OnCreate.swift */; };
		37C8FD562939503200648DB0 /* ProjectHeaderView.swift in Sources */ = {isa = PBXBuildFile; fileRef = 37C8FD552939503200648DB0 /* ProjectHeaderView.swift */; };
		37C8FD582939583C00648DB0 /* Colors.xcassets in Resources */ = {isa = PBXBuildFile; fileRef = 37C8FD572939583C00648DB0 /* Colors.xcassets */; };
		37C8FD5A2939597300648DB0 /* EditProjectView.swift in Sources */ = {isa = PBXBuildFile; fileRef = 37C8FD592939597300648DB0 /* EditProjectView.swift */; };
		37C8FD5C293B92EF00648DB0 /* Bundle-Decodable.swift in Sources */ = {isa = PBXBuildFile; fileRef = 37C8FD5B293B92EF00648DB0 /* Bundle-Decodable.swift */; };
		37C8FD5E293B997D00648DB0 /* Awards.json in Resources */ = {isa = PBXBuildFile; fileRef = 37C8FD5D293B997D00648DB0 /* Awards.json */; };
		37C8FD60293B9AA500648DB0 /* Award.swift in Sources */ = {isa = PBXBuildFile; fileRef = 37C8FD5F293B9AA500648DB0 /* Award.swift */; };
		37C8FD62293B9C0500648DB0 /* AwardsView.swift in Sources */ = {isa = PBXBuildFile; fileRef = 37C8FD61293B9C0500648DB0 /* AwardsView.swift */; };
		37C8FD64293E079500648DB0 /* Color-Additions.swift in Sources */ = {isa = PBXBuildFile; fileRef = 37C8FD63293E079500648DB0 /* Color-Additions.swift */; };
		37C8FD692948966100648DB0 /* Localizable.strings in Resources */ = {isa = PBXBuildFile; fileRef = 37C8FD6B2948966100648DB0 /* Localizable.strings */; };
		37C8FD6D294898EB00648DB0 /* Localizable.stringsdict in Resources */ = {isa = PBXBuildFile; fileRef = 37C8FD6F294898EB00648DB0 /* Localizable.stringsdict */; };
		37C8FD722948B96C00648DB0 /* ItemListView.swift in Sources */ = {isa = PBXBuildFile; fileRef = 37C8FD712948B96C00648DB0 /* ItemListView.swift */; };
		37C8FD742948BA3C00648DB0 /* ProjectSummaryView.swift in Sources */ = {isa = PBXBuildFile; fileRef = 37C8FD732948BA3C00648DB0 /* ProjectSummaryView.swift */; };
		37C8FD88294E2E0500648DB0 /* SwiftUIPortfolioTests.swift in Sources */ = {isa = PBXBuildFile; fileRef = 37C8FD87294E2E0500648DB0 /* SwiftUIPortfolioTests.swift */; };
		37C8FD8F294E305400648DB0 /* AssetTest.swift in Sources */ = {isa = PBXBuildFile; fileRef = 37C8FD8E294E305400648DB0 /* AssetTest.swift */; };
		37C8FD91294E3A8400648DB0 /* ProjectTests.swift in Sources */ = {isa = PBXBuildFile; fileRef = 37C8FD90294E3A8400648DB0 /* ProjectTests.swift */; };
		37C8FD93294E420500648DB0 /* AwardTests.swift in Sources */ = {isa = PBXBuildFile; fileRef = 37C8FD92294E420500648DB0 /* AwardTests.swift */; };
		37C8FD95294E757D00648DB0 /* DevelopmentTests.swift in Sources */ = {isa = PBXBuildFile; fileRef = 37C8FD94294E757D00648DB0 /* DevelopmentTests.swift */; };
		37C8FD97294F8F9300648DB0 /* ExtensionTests.swift in Sources */ = {isa = PBXBuildFile; fileRef = 37C8FD96294F8F9300648DB0 /* ExtensionTests.swift */; };
		37C8FD9A294F90B700648DB0 /* DecodableDictionary.json in Resources */ = {isa = PBXBuildFile; fileRef = 37C8FD99294F90B700648DB0 /* DecodableDictionary.json */; };
		37C8FD9E294F912200648DB0 /* DecodableString.json in Resources */ = {isa = PBXBuildFile; fileRef = 37C8FD9D294F912200648DB0 /* DecodableString.json */; };
		37C8FDA0294FA31C00648DB0 /* PerformanceTests.swift in Sources */ = {isa = PBXBuildFile; fileRef = 37C8FD9F294FA31C00648DB0 /* PerformanceTests.swift */; };
/* End PBXBuildFile section */

/* Begin PBXContainerItemProxy section */
		37C8FD89294E2E0500648DB0 /* PBXContainerItemProxy */ = {
			isa = PBXContainerItemProxy;
			containerPortal = 37C8FD292937607F00648DB0 /* Project object */;
			proxyType = 1;
			remoteGlobalIDString = 37C8FD302937607F00648DB0;
			remoteInfo = SwiftUIPortfolio;
		};
/* End PBXContainerItemProxy section */

/* Begin PBXFileReference section */
		37C8FD312937607F00648DB0 /* SwiftUIPortfolio.app */ = {isa = PBXFileReference; explicitFileType = wrapper.application; includeInIndex = 0; path = SwiftUIPortfolio.app; sourceTree = BUILT_PRODUCTS_DIR; };
		37C8FD342937607F00648DB0 /* SwiftUIPortfolioApp.swift */ = {isa = PBXFileReference; lastKnownFileType = sourcecode.swift; path = SwiftUIPortfolioApp.swift; sourceTree = "<group>"; };
		37C8FD362937607F00648DB0 /* ContentView.swift */ = {isa = PBXFileReference; lastKnownFileType = sourcecode.swift; path = ContentView.swift; sourceTree = "<group>"; };
		37C8FD382937608000648DB0 /* Assets.xcassets */ = {isa = PBXFileReference; lastKnownFileType = folder.assetcatalog; path = Assets.xcassets; sourceTree = "<group>"; };
		37C8FD3B2937608000648DB0 /* Preview Assets.xcassets */ = {isa = PBXFileReference; lastKnownFileType = folder.assetcatalog; path = "Preview Assets.xcassets"; sourceTree = "<group>"; };
		37C8FD432937615100648DB0 /* Main.xcdatamodel */ = {isa = PBXFileReference; lastKnownFileType = wrapper.xcdatamodel; path = Main.xcdatamodel; sourceTree = "<group>"; };
		37C8FD452937649100648DB0 /* DataController.swift */ = {isa = PBXFileReference; lastKnownFileType = sourcecode.swift; path = DataController.swift; sourceTree = "<group>"; };
		37C8FD4729376AD400648DB0 /* HomeView.swift */ = {isa = PBXFileReference; lastKnownFileType = sourcecode.swift; path = HomeView.swift; sourceTree = "<group>"; };
		37C8FD4929376AF000648DB0 /* ProjectsView.swift */ = {isa = PBXFileReference; lastKnownFileType = sourcecode.swift; path = ProjectsView.swift; sourceTree = "<group>"; };
		37C8FD4B2938B48300648DB0 /* Project-CoreDataHelper.swift */ = {isa = PBXFileReference; lastKnownFileType = sourcecode.swift; path = "Project-CoreDataHelper.swift"; sourceTree = "<group>"; };
		37C8FD4D2938B5D400648DB0 /* Item-CoreDataHelper.swift */ = {isa = PBXFileReference; lastKnownFileType = sourcecode.swift; path = "Item-CoreDataHelper.swift"; sourceTree = "<group>"; };
		37C8FD4F2938B76700648DB0 /* ItemRowView.swift */ = {isa = PBXFileReference; lastKnownFileType = sourcecode.swift; path = ItemRowView.swift; sourceTree = "<group>"; };
		37C8FD512938B8B100648DB0 /* EditItemView.swift */ = {isa = PBXFileReference; lastKnownFileType = sourcecode.swift; path = EditItemView.swift; sourceTree = "<group>"; };
		37C8FD532938BF1200648DB0 /* Binding-OnCreate.swift */ = {isa = PBXFileReference; lastKnownFileType = sourcecode.swift; path = "Binding-OnCreate.swift"; sourceTree = "<group>"; };
		37C8FD552939503200648DB0 /* ProjectHeaderView.swift */ = {isa = PBXFileReference; lastKnownFileType = sourcecode.swift; path = ProjectHeaderView.swift; sourceTree = "<group>"; };
		37C8FD572939583C00648DB0 /* Colors.xcassets */ = {isa = PBXFileReference; lastKnownFileType = folder.assetcatalog; path = Colors.xcassets; sourceTree = "<group>"; };
		37C8FD592939597300648DB0 /* EditProjectView.swift */ = {isa = PBXFileReference; lastKnownFileType = sourcecode.swift; path = EditProjectView.swift; sourceTree = "<group>"; };
		37C8FD5B293B92EF00648DB0 /* Bundle-Decodable.swift */ = {isa = PBXFileReference; lastKnownFileType = sourcecode.swift; path = "Bundle-Decodable.swift"; sourceTree = "<group>"; };
		37C8FD5D293B997D00648DB0 /* Awards.json */ = {isa = PBXFileReference; fileEncoding = 4; lastKnownFileType = text.json; path = Awards.json; sourceTree = "<group>"; };
		37C8FD5F293B9AA500648DB0 /* Award.swift */ = {isa = PBXFileReference; lastKnownFileType = sourcecode.swift; path = Award.swift; sourceTree = "<group>"; };
		37C8FD61293B9C0500648DB0 /* AwardsView.swift */ = {isa = PBXFileReference; lastKnownFileType = sourcecode.swift; path = AwardsView.swift; sourceTree = "<group>"; };
		37C8FD63293E079500648DB0 /* Color-Additions.swift */ = {isa = PBXFileReference; lastKnownFileType = sourcecode.swift; path = "Color-Additions.swift"; sourceTree = "<group>"; };
		37C8FD6A2948966100648DB0 /* en */ = {isa = PBXFileReference; lastKnownFileType = text.plist.strings; name = en; path = en.lproj/Localizable.strings; sourceTree = "<group>"; };
		37C8FD6C2948966900648DB0 /* tr */ = {isa = PBXFileReference; lastKnownFileType = text.plist.strings; name = tr; path = tr.lproj/Localizable.strings; sourceTree = "<group>"; };
		37C8FD6E294898EB00648DB0 /* en */ = {isa = PBXFileReference; lastKnownFileType = text.plist.stringsdict; name = en; path = en.lproj/Localizable.stringsdict; sourceTree = "<group>"; };
		37C8FD70294898EF00648DB0 /* tr */ = {isa = PBXFileReference; lastKnownFileType = text.plist.stringsdict; name = tr; path = tr.lproj/Localizable.stringsdict; sourceTree = "<group>"; };
		37C8FD712948B96C00648DB0 /* ItemListView.swift */ = {isa = PBXFileReference; lastKnownFileType = sourcecode.swift; path = ItemListView.swift; sourceTree = "<group>"; };
		37C8FD732948BA3C00648DB0 /* ProjectSummaryView.swift */ = {isa = PBXFileReference; lastKnownFileType = sourcecode.swift; path = ProjectSummaryView.swift; sourceTree = "<group>"; };
		37C8FD85294E2E0500648DB0 /* SwiftUIPortfolioTests.xctest */ = {isa = PBXFileReference; explicitFileType = wrapper.cfbundle; includeInIndex = 0; path = SwiftUIPortfolioTests.xctest; sourceTree = BUILT_PRODUCTS_DIR; };
		37C8FD87294E2E0500648DB0 /* SwiftUIPortfolioTests.swift */ = {isa = PBXFileReference; lastKnownFileType = sourcecode.swift; path = SwiftUIPortfolioTests.swift; sourceTree = "<group>"; };
		37C8FD8E294E305400648DB0 /* AssetTest.swift */ = {isa = PBXFileReference; lastKnownFileType = sourcecode.swift; path = AssetTest.swift; sourceTree = "<group>"; };
		37C8FD90294E3A8400648DB0 /* ProjectTests.swift */ = {isa = PBXFileReference; lastKnownFileType = sourcecode.swift; path = ProjectTests.swift; sourceTree = "<group>"; };
		37C8FD92294E420500648DB0 /* AwardTests.swift */ = {isa = PBXFileReference; lastKnownFileType = sourcecode.swift; path = AwardTests.swift; sourceTree = "<group>"; };
		37C8FD94294E757D00648DB0 /* DevelopmentTests.swift */ = {isa = PBXFileReference; lastKnownFileType = sourcecode.swift; path = DevelopmentTests.swift; sourceTree = "<group>"; };
		37C8FD96294F8F9300648DB0 /* ExtensionTests.swift */ = {isa = PBXFileReference; lastKnownFileType = sourcecode.swift; path = ExtensionTests.swift; sourceTree = "<group>"; };
		37C8FD99294F90B700648DB0 /* DecodableDictionary.json */ = {isa = PBXFileReference; lastKnownFileType = text.json; path = DecodableDictionary.json; sourceTree = "<group>"; };
		37C8FD9D294F912200648DB0 /* DecodableString.json */ = {isa = PBXFileReference; lastKnownFileType = text.json; path = DecodableString.json; sourceTree = "<group>"; };
		37C8FD9F294FA31C00648DB0 /* PerformanceTests.swift */ = {isa = PBXFileReference; lastKnownFileType = sourcecode.swift; path = PerformanceTests.swift; sourceTree = "<group>"; };
/* End PBXFileReference section */

/* Begin PBXFrameworksBuildPhase section */
		37C8FD2E2937607F00648DB0 /* Frameworks */ = {
			isa = PBXFrameworksBuildPhase;
			buildActionMask = 2147483647;
			files = (
			);
			runOnlyForDeploymentPostprocessing = 0;
		};
		37C8FD82294E2E0500648DB0 /* Frameworks */ = {
			isa = PBXFrameworksBuildPhase;
			buildActionMask = 2147483647;
			files = (
			);
			runOnlyForDeploymentPostprocessing = 0;
		};
/* End PBXFrameworksBuildPhase section */

/* Begin PBXGroup section */
		37C8FD282937607F00648DB0 = {
			isa = PBXGroup;
			children = (
				37C8FD332937607F00648DB0 /* SwiftUIPortfolio */,
				37C8FD86294E2E0500648DB0 /* SwiftUIPortfolioTests */,
				37C8FD322937607F00648DB0 /* Products */,
			);
			sourceTree = "<group>";
		};
		37C8FD322937607F00648DB0 /* Products */ = {
			isa = PBXGroup;
			children = (
				37C8FD312937607F00648DB0 /* SwiftUIPortfolio.app */,
				37C8FD85294E2E0500648DB0 /* SwiftUIPortfolioTests.xctest */,
			);
			name = Products;
			sourceTree = "<group>";
		};
		37C8FD332937607F00648DB0 /* SwiftUIPortfolio */ = {
			isa = PBXGroup;
			children = (
				37C8FD7D294E1BAC00648DB0 /* Screens */,
				37C8FD7C294E124200648DB0 /* Configuration */,
				37C8FD7B294E123800648DB0 /* Localization */,
				37C8FD7A294E122E00648DB0 /* Extensions */,
				37C8FD342937607F00648DB0 /* SwiftUIPortfolioApp.swift */,
				37C8FD362937607F00648DB0 /* ContentView.swift */,
				37C8FD452937649100648DB0 /* DataController.swift */,
				37C8FD382937608000648DB0 /* Assets.xcassets */,
				37C8FD572939583C00648DB0 /* Colors.xcassets */,
				37C8FD3A2937608000648DB0 /* Preview Content */,
			);
			path = SwiftUIPortfolio;
			sourceTree = "<group>";
		};
		37C8FD3A2937608000648DB0 /* Preview Content */ = {
			isa = PBXGroup;
			children = (
				37C8FD3B2937608000648DB0 /* Preview Assets.xcassets */,
			);
			path = "Preview Content";
			sourceTree = "<group>";
		};
		37C8FD7A294E122E00648DB0 /* Extensions */ = {
			isa = PBXGroup;
			children = (
				37C8FD4B2938B48300648DB0 /* Project-CoreDataHelper.swift */,
				37C8FD4D2938B5D400648DB0 /* Item-CoreDataHelper.swift */,
				37C8FD5B293B92EF00648DB0 /* Bundle-Decodable.swift */,
				37C8FD532938BF1200648DB0 /* Binding-OnCreate.swift */,
				37C8FD63293E079500648DB0 /* Color-Additions.swift */,
			);
			path = Extensions;
			sourceTree = "<group>";
		};
		37C8FD7B294E123800648DB0 /* Localization */ = {
			isa = PBXGroup;
			children = (
				37C8FD6F294898EB00648DB0 /* Localizable.stringsdict */,
				37C8FD6B2948966100648DB0 /* Localizable.strings */,
			);
			path = Localization;
			sourceTree = "<group>";
		};
		37C8FD7C294E124200648DB0 /* Configuration */ = {
			isa = PBXGroup;
			children = (
				37C8FD422937615100648DB0 /* Main.xcdatamodeld */,
			);
			path = Configuration;
			sourceTree = "<group>";
		};
		37C8FD7D294E1BAC00648DB0 /* Screens */ = {
			isa = PBXGroup;
			children = (
				37C8FD80294E1BC000648DB0 /* Awards */,
				37C8FD7F294E1BB900648DB0 /* Projects */,
				37C8FD7E294E1BB300648DB0 /* Home */,
			);
			path = Screens;
			sourceTree = "<group>";
		};
		37C8FD7E294E1BB300648DB0 /* Home */ = {
			isa = PBXGroup;
			children = (
				37C8FD4729376AD400648DB0 /* HomeView.swift */,
				37C8FD712948B96C00648DB0 /* ItemListView.swift */,
				37C8FD732948BA3C00648DB0 /* ProjectSummaryView.swift */,
			);
			path = Home;
			sourceTree = "<group>";
		};
		37C8FD7F294E1BB900648DB0 /* Projects */ = {
			isa = PBXGroup;
			children = (
				37C8FD4929376AF000648DB0 /* ProjectsView.swift */,
				37C8FD552939503200648DB0 /* ProjectHeaderView.swift */,
				37C8FD592939597300648DB0 /* EditProjectView.swift */,
				37C8FD512938B8B100648DB0 /* EditItemView.swift */,
				37C8FD4F2938B76700648DB0 /* ItemRowView.swift */,
			);
			path = Projects;
			sourceTree = "<group>";
		};
		37C8FD80294E1BC000648DB0 /* Awards */ = {
			isa = PBXGroup;
			children = (
				37C8FD61293B9C0500648DB0 /* AwardsView.swift */,
				37C8FD5F293B9AA500648DB0 /* Award.swift */,
				37C8FD5D293B997D00648DB0 /* Awards.json */,
			);
			path = Awards;
			sourceTree = "<group>";
		};
		37C8FD86294E2E0500648DB0 /* SwiftUIPortfolioTests */ = {
			isa = PBXGroup;
			children = (
				37C8FD98294F909200648DB0 /* Fixtures */,
				37C8FD87294E2E0500648DB0 /* SwiftUIPortfolioTests.swift */,
				37C8FD96294F8F9300648DB0 /* ExtensionTests.swift */,
				37C8FD9F294FA31C00648DB0 /* PerformanceTests.swift */,
				37C8FD8E294E305400648DB0 /* AssetTest.swift */,
				37C8FD90294E3A8400648DB0 /* ProjectTests.swift */,
				37C8FD94294E757D00648DB0 /* DevelopmentTests.swift */,
				37C8FD92294E420500648DB0 /* AwardTests.swift */,
			);
			path = SwiftUIPortfolioTests;
			sourceTree = "<group>";
		};
		37C8FD98294F909200648DB0 /* Fixtures */ = {
			isa = PBXGroup;
			children = (
				37C8FD99294F90B700648DB0 /* DecodableDictionary.json */,
				37C8FD9D294F912200648DB0 /* DecodableString.json */,
			);
			path = Fixtures;
			sourceTree = "<group>";
		};
/* End PBXGroup section */

/* Begin PBXNativeTarget section */
		37C8FD302937607F00648DB0 /* SwiftUIPortfolio */ = {
			isa = PBXNativeTarget;
			buildConfigurationList = 37C8FD3F2937608000648DB0 /* Build configuration list for PBXNativeTarget "SwiftUIPortfolio" */;
			buildPhases = (
				37C8FD75294DCD0200648DB0 /* SwiftLint */,
				37C8FD2D2937607F00648DB0 /* Sources */,
				37C8FD2E2937607F00648DB0 /* Frameworks */,
				37C8FD2F2937607F00648DB0 /* Resources */,
			);
			buildRules = (
			);
			dependencies = (
			);
			name = SwiftUIPortfolio;
			productName = SwiftUIPortfolio;
			productReference = 37C8FD312937607F00648DB0 /* SwiftUIPortfolio.app */;
			productType = "com.apple.product-type.application";
		};
		37C8FD84294E2E0500648DB0 /* SwiftUIPortfolioTests */ = {
			isa = PBXNativeTarget;
			buildConfigurationList = 37C8FD8B294E2E0500648DB0 /* Build configuration list for PBXNativeTarget "SwiftUIPortfolioTests" */;
			buildPhases = (
				37C8FD81294E2E0500648DB0 /* Sources */,
				37C8FD82294E2E0500648DB0 /* Frameworks */,
				37C8FD83294E2E0500648DB0 /* Resources */,
			);
			buildRules = (
			);
			dependencies = (
				37C8FD8A294E2E0500648DB0 /* PBXTargetDependency */,
			);
			name = SwiftUIPortfolioTests;
			productName = SwiftUIPortfolioTests;
			productReference = 37C8FD85294E2E0500648DB0 /* SwiftUIPortfolioTests.xctest */;
			productType = "com.apple.product-type.bundle.unit-test";
		};
/* End PBXNativeTarget section */

/* Begin PBXProject section */
		37C8FD292937607F00648DB0 /* Project object */ = {
			isa = PBXProject;
			attributes = {
				BuildIndependentTargetsInParallel = 1;
				LastSwiftUpdateCheck = 1340;
				LastUpgradeCheck = 1340;
				TargetAttributes = {
					37C8FD302937607F00648DB0 = {
						CreatedOnToolsVersion = 13.4.1;
					};
					37C8FD84294E2E0500648DB0 = {
						CreatedOnToolsVersion = 13.4.1;
						TestTargetID = 37C8FD302937607F00648DB0;
					};
				};
			};
			buildConfigurationList = 37C8FD2C2937607F00648DB0 /* Build configuration list for PBXProject "SwiftUIPortfolio" */;
			compatibilityVersion = "Xcode 13.0";
			developmentRegion = en;
			hasScannedForEncodings = 0;
			knownRegions = (
				en,
				Base,
				tr,
			);
			mainGroup = 37C8FD282937607F00648DB0;
			productRefGroup = 37C8FD322937607F00648DB0 /* Products */;
			projectDirPath = "";
			projectRoot = "";
			targets = (
				37C8FD302937607F00648DB0 /* SwiftUIPortfolio */,
				37C8FD84294E2E0500648DB0 /* SwiftUIPortfolioTests */,
			);
		};
/* End PBXProject section */

/* Begin PBXResourcesBuildPhase section */
		37C8FD2F2937607F00648DB0 /* Resources */ = {
			isa = PBXResourcesBuildPhase;
			buildActionMask = 2147483647;
			files = (
				37C8FD692948966100648DB0 /* Localizable.strings in Resources */,
				37C8FD582939583C00648DB0 /* Colors.xcassets in Resources */,
				37C8FD5E293B997D00648DB0 /* Awards.json in Resources */,
				37C8FD3C2937608000648DB0 /* Preview Assets.xcassets in Resources */,
				37C8FD392937608000648DB0 /* Assets.xcassets in Resources */,
				37C8FD6D294898EB00648DB0 /* Localizable.stringsdict in Resources */,
			);
			runOnlyForDeploymentPostprocessing = 0;
		};
		37C8FD83294E2E0500648DB0 /* Resources */ = {
			isa = PBXResourcesBuildPhase;
			buildActionMask = 2147483647;
			files = (
				37C8FD9E294F912200648DB0 /* DecodableString.json in Resources */,
				37C8FD9A294F90B700648DB0 /* DecodableDictionary.json in Resources */,
			);
			runOnlyForDeploymentPostprocessing = 0;
		};
/* End PBXResourcesBuildPhase section */

/* Begin PBXShellScriptBuildPhase section */
		37C8FD75294DCD0200648DB0 /* SwiftLint */ = {
			isa = PBXShellScriptBuildPhase;
			buildActionMask = 2147483647;
			files = (
			);
			inputFileListPaths = (
			);
			inputPaths = (
			);
			name = SwiftLint;
			outputFileListPaths = (
			);
			outputPaths = (
			);
			runOnlyForDeploymentPostprocessing = 0;
			shellPath = /bin/sh;
			shellScript = "export PATH=\"$PATH:/opt/homebrew/bin\"\nif which swiftlint > /dev/null; then\n  swiftlint\nelse\n  echo \"warning: SwiftLint not installed, download from https://github.com/realm/SwiftLint\"\nfi\n";
		};
/* End PBXShellScriptBuildPhase section */

/* Begin PBXSourcesBuildPhase section */
		37C8FD2D2937607F00648DB0 /* Sources */ = {
			isa = PBXSourcesBuildPhase;
			buildActionMask = 2147483647;
			files = (
				37C8FD4A29376AF000648DB0 /* ProjectsView.swift in Sources */,
				37C8FD562939503200648DB0 /* ProjectHeaderView.swift in Sources */,
				37C8FD442937615100648DB0 /* Main.xcdatamodeld in Sources */,
				37C8FD502938B76700648DB0 /* ItemRowView.swift in Sources */,
				37C8FD5A2939597300648DB0 /* EditProjectView.swift in Sources */,
				37C8FD5C293B92EF00648DB0 /* Bundle-Decodable.swift in Sources */,
				37C8FD64293E079500648DB0 /* Color-Additions.swift in Sources */,
				37C8FD462937649100648DB0 /* DataController.swift in Sources */,
				37C8FD742948BA3C00648DB0 /* ProjectSummaryView.swift in Sources */,
				37C8FD542938BF1200648DB0 /* Binding-OnCreate.swift in Sources */,
				37C8FD62293B9C0500648DB0 /* AwardsView.swift in Sources */,
				37C8FD4E2938B5D400648DB0 /* Item-CoreDataHelper.swift in Sources */,
				37C8FD4C2938B48300648DB0 /* Project-CoreDataHelper.swift in Sources */,
				37C8FD372937607F00648DB0 /* ContentView.swift in Sources */,
				37C8FD722948B96C00648DB0 /* ItemListView.swift in Sources */,
				37C8FD522938B8B100648DB0 /* EditItemView.swift in Sources */,
				37C8FD4829376AD400648DB0 /* HomeView.swift in Sources */,
				37C8FD60293B9AA500648DB0 /* Award.swift in Sources */,
				37C8FD352937607F00648DB0 /* SwiftUIPortfolioApp.swift in Sources */,
			);
			runOnlyForDeploymentPostprocessing = 0;
		};
		37C8FD81294E2E0500648DB0 /* Sources */ = {
			isa = PBXSourcesBuildPhase;
			buildActionMask = 2147483647;
			files = (
				37C8FDA0294FA31C00648DB0 /* PerformanceTests.swift in Sources */,
				37C8FD8F294E305400648DB0 /* AssetTest.swift in Sources */,
				37C8FD93294E420500648DB0 /* AwardTests.swift in Sources */,
				37C8FD88294E2E0500648DB0 /* SwiftUIPortfolioTests.swift in Sources */,
				37C8FD97294F8F9300648DB0 /* ExtensionTests.swift in Sources */,
				37C8FD91294E3A8400648DB0 /* ProjectTests.swift in Sources */,
				37C8FD95294E757D00648DB0 /* DevelopmentTests.swift in Sources */,
			);
			runOnlyForDeploymentPostprocessing = 0;
		};
/* End PBXSourcesBuildPhase section */

/* Begin PBXTargetDependency section */
		37C8FD8A294E2E0500648DB0 /* PBXTargetDependency */ = {
			isa = PBXTargetDependency;
			target = 37C8FD302937607F00648DB0 /* SwiftUIPortfolio */;
			targetProxy = 37C8FD89294E2E0500648DB0 /* PBXContainerItemProxy */;
		};
/* End PBXTargetDependency section */

/* Begin PBXVariantGroup section */
		37C8FD6B2948966100648DB0 /* Localizable.strings */ = {
			isa = PBXVariantGroup;
			children = (
				37C8FD6A2948966100648DB0 /* en */,
				37C8FD6C2948966900648DB0 /* tr */,
			);
			name = Localizable.strings;
			sourceTree = "<group>";
		};
		37C8FD6F294898EB00648DB0 /* Localizable.stringsdict */ = {
			isa = PBXVariantGroup;
			children = (
				37C8FD6E294898EB00648DB0 /* en */,
				37C8FD70294898EF00648DB0 /* tr */,
			);
			name = Localizable.stringsdict;
			sourceTree = "<group>";
		};
/* End PBXVariantGroup section */

/* Begin XCBuildConfiguration section */
		37C8FD3D2937608000648DB0 /* Debug */ = {
			isa = XCBuildConfiguration;
			buildSettings = {
				ALWAYS_SEARCH_USER_PATHS = NO;
				CLANG_ANALYZER_NONNULL = YES;
				CLANG_ANALYZER_NUMBER_OBJECT_CONVERSION = YES_AGGRESSIVE;
				CLANG_CXX_LANGUAGE_STANDARD = "gnu++17";
				CLANG_ENABLE_MODULES = YES;
				CLANG_ENABLE_OBJC_ARC = YES;
				CLANG_ENABLE_OBJC_WEAK = YES;
				CLANG_WARN_BLOCK_CAPTURE_AUTORELEASING = YES;
				CLANG_WARN_BOOL_CONVERSION = YES;
				CLANG_WARN_COMMA = YES;
				CLANG_WARN_CONSTANT_CONVERSION = YES;
				CLANG_WARN_DEPRECATED_OBJC_IMPLEMENTATIONS = YES;
				CLANG_WARN_DIRECT_OBJC_ISA_USAGE = YES_ERROR;
				CLANG_WARN_DOCUMENTATION_COMMENTS = YES;
				CLANG_WARN_EMPTY_BODY = YES;
				CLANG_WARN_ENUM_CONVERSION = YES;
				CLANG_WARN_INFINITE_RECURSION = YES;
				CLANG_WARN_INT_CONVERSION = YES;
				CLANG_WARN_NON_LITERAL_NULL_CONVERSION = YES;
				CLANG_WARN_OBJC_IMPLICIT_RETAIN_SELF = YES;
				CLANG_WARN_OBJC_LITERAL_CONVERSION = YES;
				CLANG_WARN_OBJC_ROOT_CLASS = YES_ERROR;
				CLANG_WARN_QUOTED_INCLUDE_IN_FRAMEWORK_HEADER = YES;
				CLANG_WARN_RANGE_LOOP_ANALYSIS = YES;
				CLANG_WARN_STRICT_PROTOTYPES = YES;
				CLANG_WARN_SUSPICIOUS_MOVE = YES;
				CLANG_WARN_UNGUARDED_AVAILABILITY = YES_AGGRESSIVE;
				CLANG_WARN_UNREACHABLE_CODE = YES;
				CLANG_WARN__DUPLICATE_METHOD_MATCH = YES;
				COPY_PHASE_STRIP = NO;
				DEBUG_INFORMATION_FORMAT = dwarf;
				ENABLE_STRICT_OBJC_MSGSEND = YES;
				ENABLE_TESTABILITY = YES;
				GCC_C_LANGUAGE_STANDARD = gnu11;
				GCC_DYNAMIC_NO_PIC = NO;
				GCC_NO_COMMON_BLOCKS = YES;
				GCC_OPTIMIZATION_LEVEL = 0;
				GCC_PREPROCESSOR_DEFINITIONS = (
					"DEBUG=1",
					"$(inherited)",
				);
				GCC_WARN_64_TO_32_BIT_CONVERSION = YES;
				GCC_WARN_ABOUT_RETURN_TYPE = YES_ERROR;
				GCC_WARN_UNDECLARED_SELECTOR = YES;
				GCC_WARN_UNINITIALIZED_AUTOS = YES_AGGRESSIVE;
				GCC_WARN_UNUSED_FUNCTION = YES;
				GCC_WARN_UNUSED_VARIABLE = YES;
				IPHONEOS_DEPLOYMENT_TARGET = 15.5;
				MTL_ENABLE_DEBUG_INFO = INCLUDE_SOURCE;
				MTL_FAST_MATH = YES;
				ONLY_ACTIVE_ARCH = YES;
				SDKROOT = iphoneos;
				SWIFT_ACTIVE_COMPILATION_CONDITIONS = DEBUG;
				SWIFT_OPTIMIZATION_LEVEL = "-Onone";
			};
			name = Debug;
		};
		37C8FD3E2937608000648DB0 /* Release */ = {
			isa = XCBuildConfiguration;
			buildSettings = {
				ALWAYS_SEARCH_USER_PATHS = NO;
				CLANG_ANALYZER_NONNULL = YES;
				CLANG_ANALYZER_NUMBER_OBJECT_CONVERSION = YES_AGGRESSIVE;
				CLANG_CXX_LANGUAGE_STANDARD = "gnu++17";
				CLANG_ENABLE_MODULES = YES;
				CLANG_ENABLE_OBJC_ARC = YES;
				CLANG_ENABLE_OBJC_WEAK = YES;
				CLANG_WARN_BLOCK_CAPTURE_AUTORELEASING = YES;
				CLANG_WARN_BOOL_CONVERSION = YES;
				CLANG_WARN_COMMA = YES;
				CLANG_WARN_CONSTANT_CONVERSION = YES;
				CLANG_WARN_DEPRECATED_OBJC_IMPLEMENTATIONS = YES;
				CLANG_WARN_DIRECT_OBJC_ISA_USAGE = YES_ERROR;
				CLANG_WARN_DOCUMENTATION_COMMENTS = YES;
				CLANG_WARN_EMPTY_BODY = YES;
				CLANG_WARN_ENUM_CONVERSION = YES;
				CLANG_WARN_INFINITE_RECURSION = YES;
				CLANG_WARN_INT_CONVERSION = YES;
				CLANG_WARN_NON_LITERAL_NULL_CONVERSION = YES;
				CLANG_WARN_OBJC_IMPLICIT_RETAIN_SELF = YES;
				CLANG_WARN_OBJC_LITERAL_CONVERSION = YES;
				CLANG_WARN_OBJC_ROOT_CLASS = YES_ERROR;
				CLANG_WARN_QUOTED_INCLUDE_IN_FRAMEWORK_HEADER = YES;
				CLANG_WARN_RANGE_LOOP_ANALYSIS = YES;
				CLANG_WARN_STRICT_PROTOTYPES = YES;
				CLANG_WARN_SUSPICIOUS_MOVE = YES;
				CLANG_WARN_UNGUARDED_AVAILABILITY = YES_AGGRESSIVE;
				CLANG_WARN_UNREACHABLE_CODE = YES;
				CLANG_WARN__DUPLICATE_METHOD_MATCH = YES;
				COPY_PHASE_STRIP = NO;
				DEBUG_INFORMATION_FORMAT = "dwarf-with-dsym";
				ENABLE_NS_ASSERTIONS = NO;
				ENABLE_STRICT_OBJC_MSGSEND = YES;
				GCC_C_LANGUAGE_STANDARD = gnu11;
				GCC_NO_COMMON_BLOCKS = YES;
				GCC_WARN_64_TO_32_BIT_CONVERSION = YES;
				GCC_WARN_ABOUT_RETURN_TYPE = YES_ERROR;
				GCC_WARN_UNDECLARED_SELECTOR = YES;
				GCC_WARN_UNINITIALIZED_AUTOS = YES_AGGRESSIVE;
				GCC_WARN_UNUSED_FUNCTION = YES;
				GCC_WARN_UNUSED_VARIABLE = YES;
				IPHONEOS_DEPLOYMENT_TARGET = 15.5;
				MTL_ENABLE_DEBUG_INFO = NO;
				MTL_FAST_MATH = YES;
				SDKROOT = iphoneos;
				SWIFT_COMPILATION_MODE = wholemodule;
				SWIFT_OPTIMIZATION_LEVEL = "-O";
				VALIDATE_PRODUCT = YES;
			};
			name = Release;
		};
		37C8FD402937608000648DB0 /* Debug */ = {
			isa = XCBuildConfiguration;
			buildSettings = {
				ASSETCATALOG_COMPILER_APPICON_NAME = AppIcon;
				ASSETCATALOG_COMPILER_GLOBAL_ACCENT_COLOR_NAME = AccentColor;
				CODE_SIGN_STYLE = Automatic;
				CURRENT_PROJECT_VERSION = 1;
				DEVELOPMENT_ASSET_PATHS = "\"SwiftUIPortfolio/Preview Content\"";
				DEVELOPMENT_TEAM = TVD6DW9PSS;
				ENABLE_PREVIEWS = YES;
				GENERATE_INFOPLIST_FILE = YES;
				INFOPLIST_KEY_UIApplicationSceneManifest_Generation = YES;
				INFOPLIST_KEY_UIApplicationSupportsIndirectInputEvents = YES;
				INFOPLIST_KEY_UILaunchScreen_Generation = YES;
				INFOPLIST_KEY_UISupportedInterfaceOrientations_iPad = "UIInterfaceOrientationPortrait UIInterfaceOrientationPortraitUpsideDown UIInterfaceOrientationLandscapeLeft UIInterfaceOrientationLandscapeRight";
				INFOPLIST_KEY_UISupportedInterfaceOrientations_iPhone = "UIInterfaceOrientationPortrait UIInterfaceOrientationLandscapeLeft UIInterfaceOrientationLandscapeRight";
				LD_RUNPATH_SEARCH_PATHS = (
					"$(inherited)",
					"@executable_path/Frameworks",
				);
				MARKETING_VERSION = 1.0;
				PRODUCT_BUNDLE_IDENTIFIER = com.sarpozturk.SwiftUIPortfolio;
				PRODUCT_NAME = "$(TARGET_NAME)";
				SWIFT_EMIT_LOC_STRINGS = YES;
				SWIFT_VERSION = 5.0;
				TARGETED_DEVICE_FAMILY = "1,2";
			};
			name = Debug;
		};
		37C8FD412937608000648DB0 /* Release */ = {
			isa = XCBuildConfiguration;
			buildSettings = {
				ASSETCATALOG_COMPILER_APPICON_NAME = AppIcon;
				ASSETCATALOG_COMPILER_GLOBAL_ACCENT_COLOR_NAME = AccentColor;
				CODE_SIGN_STYLE = Automatic;
				CURRENT_PROJECT_VERSION = 1;
				DEVELOPMENT_ASSET_PATHS = "\"SwiftUIPortfolio/Preview Content\"";
				DEVELOPMENT_TEAM = TVD6DW9PSS;
				ENABLE_PREVIEWS = YES;
				GENERATE_INFOPLIST_FILE = YES;
				INFOPLIST_KEY_UIApplicationSceneManifest_Generation = YES;
				INFOPLIST_KEY_UIApplicationSupportsIndirectInputEvents = YES;
				INFOPLIST_KEY_UILaunchScreen_Generation = YES;
				INFOPLIST_KEY_UISupportedInterfaceOrientations_iPad = "UIInterfaceOrientationPortrait UIInterfaceOrientationPortraitUpsideDown UIInterfaceOrientationLandscapeLeft UIInterfaceOrientationLandscapeRight";
				INFOPLIST_KEY_UISupportedInterfaceOrientations_iPhone = "UIInterfaceOrientationPortrait UIInterfaceOrientationLandscapeLeft UIInterfaceOrientationLandscapeRight";
				LD_RUNPATH_SEARCH_PATHS = (
					"$(inherited)",
					"@executable_path/Frameworks",
				);
				MARKETING_VERSION = 1.0;
				PRODUCT_BUNDLE_IDENTIFIER = com.sarpozturk.SwiftUIPortfolio;
				PRODUCT_NAME = "$(TARGET_NAME)";
				SWIFT_EMIT_LOC_STRINGS = YES;
				SWIFT_VERSION = 5.0;
				TARGETED_DEVICE_FAMILY = "1,2";
			};
			name = Release;
		};
		37C8FD8C294E2E0500648DB0 /* Debug */ = {
			isa = XCBuildConfiguration;
			buildSettings = {
				BUNDLE_LOADER = "$(TEST_HOST)";
				CODE_SIGN_STYLE = Automatic;
				CURRENT_PROJECT_VERSION = 1;
				DEVELOPMENT_TEAM = TVD6DW9PSS;
				GENERATE_INFOPLIST_FILE = YES;
				MARKETING_VERSION = 1.0;
				PRODUCT_BUNDLE_IDENTIFIER = com.sarpozturk.SwiftUIPortfolioTests;
				PRODUCT_NAME = "$(TARGET_NAME)";
				SWIFT_EMIT_LOC_STRINGS = NO;
				SWIFT_VERSION = 5.0;
				TARGETED_DEVICE_FAMILY = "1,2";
				TEST_HOST = "$(BUILT_PRODUCTS_DIR)/SwiftUIPortfolio.app/SwiftUIPortfolio";
			};
			name = Debug;
		};
		37C8FD8D294E2E0500648DB0 /* Release */ = {
			isa = XCBuildConfiguration;
			buildSettings = {
				BUNDLE_LOADER = "$(TEST_HOST)";
				CODE_SIGN_STYLE = Automatic;
				CURRENT_PROJECT_VERSION = 1;
				DEVELOPMENT_TEAM = TVD6DW9PSS;
				GENERATE_INFOPLIST_FILE = YES;
				MARKETING_VERSION = 1.0;
				PRODUCT_BUNDLE_IDENTIFIER = com.sarpozturk.SwiftUIPortfolioTests;
				PRODUCT_NAME = "$(TARGET_NAME)";
				SWIFT_EMIT_LOC_STRINGS = NO;
				SWIFT_VERSION = 5.0;
				TARGETED_DEVICE_FAMILY = "1,2";
				TEST_HOST = "$(BUILT_PRODUCTS_DIR)/SwiftUIPortfolio.app/SwiftUIPortfolio";
			};
			name = Release;
		};
/* End XCBuildConfiguration section */

/* Begin XCConfigurationList section */
		37C8FD2C2937607F00648DB0 /* Build configuration list for PBXProject "SwiftUIPortfolio" */ = {
			isa = XCConfigurationList;
			buildConfigurations = (
				37C8FD3D2937608000648DB0 /* Debug */,
				37C8FD3E2937608000648DB0 /* Release */,
			);
			defaultConfigurationIsVisible = 0;
			defaultConfigurationName = Release;
		};
		37C8FD3F2937608000648DB0 /* Build configuration list for PBXNativeTarget "SwiftUIPortfolio" */ = {
			isa = XCConfigurationList;
			buildConfigurations = (
				37C8FD402937608000648DB0 /* Debug */,
				37C8FD412937608000648DB0 /* Release */,
			);
			defaultConfigurationIsVisible = 0;
			defaultConfigurationName = Release;
		};
		37C8FD8B294E2E0500648DB0 /* Build configuration list for PBXNativeTarget "SwiftUIPortfolioTests" */ = {
			isa = XCConfigurationList;
			buildConfigurations = (
				37C8FD8C294E2E0500648DB0 /* Debug */,
				37C8FD8D294E2E0500648DB0 /* Release */,
			);
			defaultConfigurationIsVisible = 0;
			defaultConfigurationName = Release;
		};
/* End XCConfigurationList section */

/* Begin XCVersionGroup section */
		37C8FD422937615100648DB0 /* Main.xcdatamodeld */ = {
			isa = XCVersionGroup;
			children = (
				37C8FD432937615100648DB0 /* Main.xcdatamodel */,
			);
			currentVersion = 37C8FD432937615100648DB0 /* Main.xcdatamodel */;
			path = Main.xcdatamodeld;
			sourceTree = "<group>";
			versionGroupType = wrapper.xcdatamodel;
		};
/* End XCVersionGroup section */
	};
	rootObject = 37C8FD292937607F00648DB0 /* Project object */;
}
